
Microsoft Visual Studio Solution File, Format Version 12.00
# Visual Studio Version 17
VisualStudioVersion = 17.3.32929.385
MinimumVisualStudioVersion = 10.0.40219.1
Project("{54A90642-561A-4BB1-A94E-469ADEE60C69}") = "Portfolio", "Portfolio\Portfolio.esproj", "{D6F7DA8A-CB2F-4B4B-AC78-AFD2FC0AE51D}"
EndProject
Project("{FAE04EC0-301F-11D3-BF4B-00C04F79EFBC}") = "Portfolio.WebAPI", "Portfolio.WebAPI\Portfolio.WebAPI.csproj", "{823706B3-0516-44F8-9712-49224154BB0E}"
EndProject
Global
	GlobalSection(SolutionConfigurationPlatforms) = preSolution
		Debug|Any CPU = Debug|Any CPU
		Release|Any CPU = Release|Any CPU
	EndGlobalSection
	GlobalSection(ProjectConfigurationPlatforms) = postSolution
		{D6F7DA8A-CB2F-4B4B-AC78-AFD2FC0AE51D}.Debug|Any CPU.ActiveCfg = Debug|Any CPU
		{D6F7DA8A-CB2F-4B4B-AC78-AFD2FC0AE51D}.Debug|Any CPU.Build.0 = Debug|Any CPU
		{D6F7DA8A-CB2F-4B4B-AC78-AFD2FC0AE51D}.Debug|Any CPU.Deploy.0 = Debug|Any CPU
		{D6F7DA8A-CB2F-4B4B-AC78-AFD2FC0AE51D}.Release|Any CPU.ActiveCfg = Release|Any CPU
		{D6F7DA8A-CB2F-4B4B-AC78-AFD2FC0AE51D}.Release|Any CPU.Build.0 = Release|Any CPU
		{D6F7DA8A-CB2F-4B4B-AC78-AFD2FC0AE51D}.Release|Any CPU.Deploy.0 = Release|Any CPU
		{823706B3-0516-44F8-9712-49224154BB0E}.Debug|Any CPU.ActiveCfg = Debug|Any CPU
		{823706B3-0516-44F8-9712-49224154BB0E}.Debug|Any CPU.Build.0 = Debug|Any CPU
		{823706B3-0516-44F8-9712-49224154BB0E}.Release|Any CPU.ActiveCfg = Release|Any CPU
		{823706B3-0516-44F8-9712-49224154BB0E}.Release|Any CPU.Build.0 = Release|Any CPU
	EndGlobalSection
	GlobalSection(SolutionProperties) = preSolution
		HideSolutionNode = FALSE
	EndGlobalSection
	GlobalSection(ExtensibilityGlobals) = postSolution
		SolutionGuid = {54EF6A1B-F362-4F52-A53D-431075137235}
	EndGlobalSection
EndGlobal
